
Microsoft Visual Studio Solution File, Format Version 12.00
# Visual Studio Version 17
VisualStudioVersion = 17.3.32929.385
MinimumVisualStudioVersion = 10.0.40219.1
Project("{FAE04EC0-301F-11D3-BF4B-00C04F79EFBC}") = "Servicio", "Servicio\Servicio.csproj", "{60226103-281E-4EE5-9DF9-CD00ADB3FC02}"
EndProject
Global
	GlobalSection(SolutionConfigurationPlatforms) = preSolution
		Debug|Any CPU = Debug|Any CPU
		Release|Any CPU = Release|Any CPU
	EndGlobalSection
	GlobalSection(ProjectConfigurationPlatforms) = postSolution
		{60226103-281E-4EE5-9DF9-CD00ADB3FC02}.Debug|Any CPU.ActiveCfg = Debug|Any CPU
		{60226103-281E-4EE5-9DF9-CD00ADB3FC02}.Debug|Any CPU.Build.0 = Debug|Any CPU
		{60226103-281E-4EE5-9DF9-CD00ADB3FC02}.Release|Any CPU.ActiveCfg = Release|Any CPU
		{60226103-281E-4EE5-9DF9-CD00ADB3FC02}.Release|Any CPU.Build.0 = Release|Any CPU
	EndGlobalSection
	GlobalSection(SolutionProperties) = preSolution
		HideSolutionNode = FALSE
	EndGlobalSection
	GlobalSection(ExtensibilityGlobals) = postSolution
		SolutionGuid = {C1704965-72D3-4CE4-8AEC-A7D5FB73F40E}
	EndGlobalSection
EndGlobal
